PODS:
  - EstimoteIndoorSDK (2.7.1):
    - EstimoteSDK (~> 4.16.0)
  - EstimoteSDK (4.16.2)

DEPENDENCIES:
  - EstimoteIndoorSDK

SPEC REPOS:
  https://github.com/cocoapods/specs.git:
    - EstimoteIndoorSDK
    - EstimoteSDK

SPEC CHECKSUMS:
  EstimoteIndoorSDK: 53eaf12601b855f1d7eea7ae930d3fb8f66fb71d
  EstimoteSDK: 17d0778be064419dd905f41981f831052f4c19ee

PODFILE CHECKSUM: a0c751d82438a389babd7f0ab731554dd9d46eaa

COCOAPODS: 1.5.3
