// !$*UTF8*$!
{
	archiveVersion = 1;
	classes = {
	};
	objectVersion = 50;
	objects = {

/* Begin PBXBuildFile section */
		215AE0D032AA91C885BB6F3A /* Pods_BeaconUITests.framework in Frameworks */ = {isa = PBXBuildFile; fileRef = D2DA322E02AB48883FEFCD44 /* Pods_BeaconUITests.framework */; };
		40B70C73E215D6BD94E70679 /* Pods_Beacon.framework in Frameworks */ = {isa = PBXBuildFile; fileRef = 804B6E04F902330FB07CBD3E /* Pods_Beacon.framework */; };
		7F67D4282109C963006067B3 /* Extentions.swift in Sources */ = {isa = PBXBuildFile; fileRef = 7F67D4272109C963006067B3 /* Extentions.swift */; };
		7F67D477210B314A006067B3 /* MenuButton.swift in Sources */ = {isa = PBXBuildFile; fileRef = 7F67D476210B314A006067B3 /* MenuButton.swift */; };
		7F67D47A210B3178006067B3 /* MenuCell.swift in Sources */ = {isa = PBXBuildFile; fileRef = 7F67D478210B3178006067B3 /* MenuCell.swift */; };
		7F67D47B210B3178006067B3 /* MenuCell.xib in Resources */ = {isa = PBXBuildFile; fileRef = 7F67D479210B3178006067B3 /* MenuCell.xib */; };
		7FB962152109AC32001E6E40 /* AppDelegate.swift in Sources */ = {isa = PBXBuildFile; fileRef = 7FB962142109AC32001E6E40 /* AppDelegate.swift */; };
		7FB962172109AC32001E6E40 /* MainViewController.swift in Sources */ = {isa = PBXBuildFile; fileRef = 7FB962162109AC32001E6E40 /* MainViewController.swift */; };
		7FB9621A2109AC32001E6E40 /* Main.storyboard in Resources */ = {isa = PBXBuildFile; fileRef = 7FB962182109AC32001E6E40 /* Main.storyboard */; };
		7FB9621D2109AC32001E6E40 /* Beacon.xcdatamodeld in Sources */ = {isa = PBXBuildFile; fileRef = 7FB9621B2109AC32001E6E40 /* Beacon.xcdatamodeld */; };
		7FB9621F2109AC34001E6E40 /* Assets.xcassets in Resources */ = {isa = PBXBuildFile; fileRef = 7FB9621E2109AC34001E6E40 /* Assets.xcassets */; };
		7FB962222109AC34001E6E40 /* LaunchScreen.storyboard in Resources */ = {isa = PBXBuildFile; fileRef = 7FB962202109AC34001E6E40 /* LaunchScreen.storyboard */; };
		7FB9622D2109AC34001E6E40 /* BeaconTests.swift in Sources */ = {isa = PBXBuildFile; fileRef = 7FB9622C2109AC34001E6E40 /* BeaconTests.swift */; };
		7FB962382109AC34001E6E40 /* BeaconUITests.swift in Sources */ = {isa = PBXBuildFile; fileRef = 7FB962372109AC34001E6E40 /* BeaconUITests.swift */; };
		7FE900AF210B1169000845E5 /* LoginViewController.swift in Sources */ = {isa = PBXBuildFile; fileRef = 7FE900AE210B1169000845E5 /* LoginViewController.swift */; };
		7FE900BA210B1D1A000845E5 /* Merriweather-Light.otf in Resources */ = {isa = PBXBuildFile; fileRef = 7FE900B1210B1D15000845E5 /* Merriweather-Light.otf */; };
		7FE900BB210B1D1A000845E5 /* Merriweather-LightItalic.otf in Resources */ = {isa = PBXBuildFile; fileRef = 7FE900B2210B1D16000845E5 /* Merriweather-LightItalic.otf */; };
		7FE900BC210B1D1A000845E5 /* SIL Open Font License.txt in Resources */ = {isa = PBXBuildFile; fileRef = 7FE900B3210B1D16000845E5 /* SIL Open Font License.txt */; };
		7FE900BD210B1D1A000845E5 /* Merriweather-Italic.otf in Resources */ = {isa = PBXBuildFile; fileRef = 7FE900B4210B1D17000845E5 /* Merriweather-Italic.otf */; };
		7FE900BE210B1D1A000845E5 /* Merriweather-BoldItalic.otf in Resources */ = {isa = PBXBuildFile; fileRef = 7FE900B5210B1D17000845E5 /* Merriweather-BoldItalic.otf */; };
		7FE900BF210B1D1A000845E5 /* Merriweather-BlackItalic.otf in Resources */ = {isa = PBXBuildFile; fileRef = 7FE900B6210B1D18000845E5 /* Merriweather-BlackItalic.otf */; };
		7FE900C0210B1D1A000845E5 /* Merriweather-Bold.otf in Resources */ = {isa = PBXBuildFile; fileRef = 7FE900B7210B1D18000845E5 /* Merriweather-Bold.otf */; };
		7FE900C1210B1D1A000845E5 /* Merriweather-Black.otf in Resources */ = {isa = PBXBuildFile; fileRef = 7FE900B8210B1D19000845E5 /* Merriweather-Black.otf */; };
		7FE900C2210B1D1A000845E5 /* Merriweather-Regular.otf in Resources */ = {isa = PBXBuildFile; fileRef = 7FE900B9210B1D19000845E5 /* Merriweather-Regular.otf */; };
		7FE900D8210B1E77000845E5 /* librefranklin-light.ttf in Resources */ = {isa = PBXBuildFile; fileRef = 7FE900C5210B1E69000845E5 /* librefranklin-light.ttf */; };
		7FE900D9210B1E77000845E5 /* librefranklin-regular.ttf in Resources */ = {isa = PBXBuildFile; fileRef = 7FE900C6210B1E69000845E5 /* librefranklin-regular.ttf */; };
		7FE900DA210B1E77000845E5 /* librefranklin-extrabolditalic.ttf in Resources */ = {isa = PBXBuildFile; fileRef = 7FE900C7210B1E6A000845E5 /* librefranklin-extrabolditalic.ttf */; };
		7FE900DB210B1E77000845E5 /* librefranklin-bolditalic.ttf in Resources */ = {isa = PBXBuildFile; fileRef = 7FE900C8210B1E6A000845E5 /* librefranklin-bolditalic.ttf */; };
		7FE900DC210B1E77000845E5 /* librefranklin-italic.ttf in Resources */ = {isa = PBXBuildFile; fileRef = 7FE900C9210B1E6B000845E5 /* librefranklin-italic.ttf */; };
		7FE900DD210B1E77000845E5 /* librefranklin-thin.ttf in Resources */ = {isa = PBXBuildFile; fileRef = 7FE900CA210B1E6B000845E5 /* librefranklin-thin.ttf */; };
		7FE900DE210B1E77000845E5 /* librefranklin-bold.ttf in Resources */ = {isa = PBXBuildFile; fileRef = 7FE900CB210B1E6C000845E5 /* librefranklin-bold.ttf */; };
		7FE900DF210B1E77000845E5 /* librefranklin-semibolditalic.ttf in Resources */ = {isa = PBXBuildFile; fileRef = 7FE900CC210B1E6D000845E5 /* librefranklin-semibolditalic.ttf */; };
		7FE900E0210B1E77000845E5 /* librefranklin-extralightitalic.ttf in Resources */ = {isa = PBXBuildFile; fileRef = 7FE900CD210B1E6D000845E5 /* librefranklin-extralightitalic.ttf */; };
		7FE900E1210B1E77000845E5 /* librefranklin-semibold.ttf in Resources */ = {isa = PBXBuildFile; fileRef = 7FE900CE210B1E6E000845E5 /* librefranklin-semibold.ttf */; };
		7FE900E2210B1E77000845E5 /* librefranklin-black.ttf in Resources */ = {isa = PBXBuildFile; fileRef = 7FE900CF210B1E6F000845E5 /* librefranklin-black.ttf */; };
		7FE900E3210B1E77000845E5 /* librefranklin-lightitalic.ttf in Resources */ = {isa = PBXBuildFile; fileRef = 7FE900D0210B1E6F000845E5 /* librefranklin-lightitalic.ttf */; };
		7FE900E4210B1E77000845E5 /* librefranklin-medium.ttf in Resources */ = {isa = PBXBuildFile; fileRef = 7FE900D1210B1E71000845E5 /* librefranklin-medium.ttf */; };
		7FE900E5210B1E77000845E5 /* librefranklin-mediumitalic.ttf in Resources */ = {isa = PBXBuildFile; fileRef = 7FE900D2210B1E71000845E5 /* librefranklin-mediumitalic.ttf */; };
		7FE900E6210B1E77000845E5 /* librefranklin-extrabold.ttf in Resources */ = {isa = PBXBuildFile; fileRef = 7FE900D3210B1E72000845E5 /* librefranklin-extrabold.ttf */; };
		7FE900E7210B1E77000845E5 /* librefranklin-thinitalic.ttf in Resources */ = {isa = PBXBuildFile; fileRef = 7FE900D4210B1E72000845E5 /* librefranklin-thinitalic.ttf */; };
		7FE900E8210B1E77000845E5 /* librefranklin-blackitalic.ttf in Resources */ = {isa = PBXBuildFile; fileRef = 7FE900D5210B1E73000845E5 /* librefranklin-blackitalic.ttf */; };
		7FE900E9210B1E77000845E5 /* SIL Open Font License.txt in Resources */ = {isa = PBXBuildFile; fileRef = 7FE900D6210B1E73000845E5 /* SIL Open Font License.txt */; };
		7FE900EA210B1E77000845E5 /* librefranklin-extralight.ttf in Resources */ = {isa = PBXBuildFile; fileRef = 7FE900D7210B1E76000845E5 /* librefranklin-extralight.ttf */; };
		8DCFF91FC9028C201D08943D /* Pods_BeaconTests.framework in Frameworks */ = {isa = PBXBuildFile; fileRef = 286DF913478884FE53091EC5 /* Pods_BeaconTests.framework */; };
/* End PBXBuildFile section */

/* Begin PBXContainerItemProxy section */
		7FB962292109AC34001E6E40 /* PBXContainerItemProxy */ = {
			isa = PBXContainerItemProxy;
			containerPortal = 7FB962092109AC32001E6E40 /* Project object */;
			proxyType = 1;
			remoteGlobalIDString = 7FB962102109AC32001E6E40;
			remoteInfo = Beacon;
		};
		7FB962342109AC34001E6E40 /* PBXContainerItemProxy */ = {
			isa = PBXContainerItemProxy;
			containerPortal = 7FB962092109AC32001E6E40 /* Project object */;
			proxyType = 1;
			remoteGlobalIDString = 7FB962102109AC32001E6E40;
			remoteInfo = Beacon;
		};
/* End PBXContainerItemProxy section */

/* Begin PBXFileReference section */
		03A1370B08930A3B72FA1A5D /* Pods-BeaconUITests.release.xcconfig */ = {isa = PBXFileReference; includeInIndex = 1; lastKnownFileType = text.xcconfig; name = "Pods-BeaconUITests.release.xcconfig"; path = "Pods/Target Support Files/Pods-BeaconUITests/Pods-BeaconUITests.release.xcconfig"; sourceTree = "<group>"; };
		286DF913478884FE53091EC5 /* Pods_BeaconTests.framework */ = {isa = PBXFileReference; explicitFileType = wrapper.framework; includeInIndex = 0; path = Pods_BeaconTests.framework; sourceTree = BUILT_PRODUCTS_DIR; };
		7783880F873E77DDCAE7E7C7 /* Pods-Beacon.release.xcconfig */ = {isa = PBXFileReference; includeInIndex = 1; lastKnownFileType = text.xcconfig; name = "Pods-Beacon.release.xcconfig"; path = "Pods/Target Support Files/Pods-Beacon/Pods-Beacon.release.xcconfig"; sourceTree = "<group>"; };
		7F67D41F2109C4AF006067B3 /* ObjCBridge.h */ = {isa = PBXFileReference; lastKnownFileType = sourcecode.c.h; path = ObjCBridge.h; sourceTree = "<group>"; };
		7F67D4272109C963006067B3 /* Extentions.swift */ = {isa = PBXFileReference; lastKnownFileType = sourcecode.swift; path = Extentions.swift; sourceTree = "<group>"; };
		7F67D476210B314A006067B3 /* MenuButton.swift */ = {isa = PBXFileReference; fileEncoding = 4; lastKnownFileType = sourcecode.swift; path = MenuButton.swift; sourceTree = "<group>"; };
		7F67D478210B3178006067B3 /* MenuCell.swift */ = {isa = PBXFileReference; lastKnownFileType = sourcecode.swift; path = MenuCell.swift; sourceTree = "<group>"; };
		7F67D479210B3178006067B3 /* MenuCell.xib */ = {isa = PBXFileReference; lastKnownFileType = file.xib; path = MenuCell.xib; sourceTree = "<group>"; };
		7FB962112109AC32001E6E40 /* Beacon.app */ = {isa = PBXFileReference; explicitFileType = wrapper.application; includeInIndex = 0; path = Beacon.app; sourceTree = BUILT_PRODUCTS_DIR; };
		7FB962142109AC32001E6E40 /* AppDelegate.swift */ = {isa = PBXFileReference; lastKnownFileType = sourcecode.swift; path = AppDelegate.swift; sourceTree = "<group>"; };
		7FB962162109AC32001E6E40 /* MainViewController.swift */ = {isa = PBXFileReference; lastKnownFileType = sourcecode.swift; path = MainViewController.swift; sourceTree = "<group>"; };
		7FB962192109AC32001E6E40 /* Base */ = {isa = PBXFileReference; lastKnownFileType = file.storyboard; name = Base; path = Base.lproj/Main.storyboard; sourceTree = "<group>"; };
		7FB9621C2109AC32001E6E40 /* Beacon.xcdatamodel */ = {isa = PBXFileReference; lastKnownFileType = wrapper.xcdatamodel; path = Beacon.xcdatamodel; sourceTree = "<group>"; };
		7FB9621E2109AC34001E6E40 /* Assets.xcassets */ = {isa = PBXFileReference; lastKnownFileType = folder.assetcatalog; path = Assets.xcassets; sourceTree = "<group>"; };
		7FB962212109AC34001E6E40 /* Base */ = {isa = PBXFileReference; lastKnownFileType = file.storyboard; name = Base; path = Base.lproj/LaunchScreen.storyboard; sourceTree = "<group>"; };
		7FB962232109AC34001E6E40 /* Info.plist */ = {isa = PBXFileReference; lastKnownFileType = text.plist.xml; path = Info.plist; sourceTree = "<group>"; };
		7FB962282109AC34001E6E40 /* BeaconTests.xctest */ = {isa = PBXFileReference; explicitFileType = wrapper.cfbundle; includeInIndex = 0; path = BeaconTests.xctest; sourceTree = BUILT_PRODUCTS_DIR; };
		7FB9622C2109AC34001E6E40 /* BeaconTests.swift */ = {isa = PBXFileReference; lastKnownFileType = sourcecode.swift; path = BeaconTests.swift; sourceTree = "<group>"; };
		7FB9622E2109AC34001E6E40 /* Info.plist */ = {isa = PBXFileReference; lastKnownFileType = text.plist.xml; path = Info.plist; sourceTree = "<group>"; };
		7FB962332109AC34001E6E40 /* BeaconUITests.xctest */ = {isa = PBXFileReference; explicitFileType = wrapper.cfbundle; includeInIndex = 0; path = BeaconUITests.xctest; sourceTree = BUILT_PRODUCTS_DIR; };
		7FB962372109AC34001E6E40 /* BeaconUITests.swift */ = {isa = PBXFileReference; lastKnownFileType = sourcecode.swift; path = BeaconUITests.swift; sourceTree = "<group>"; };
		7FB962392109AC34001E6E40 /* Info.plist */ = {isa = PBXFileReference; lastKnownFileType = text.plist.xml; path = Info.plist; sourceTree = "<group>"; };
		7FE900AE210B1169000845E5 /* LoginViewController.swift */ = {isa = PBXFileReference; lastKnownFileType = sourcecode.swift; path = LoginViewController.swift; sourceTree = "<group>"; };
		7FE900B1210B1D15000845E5 /* Merriweather-Light.otf */ = {isa = PBXFileReference; lastKnownFileType = file; path = "Merriweather-Light.otf"; sourceTree = "<group>"; };
		7FE900B2210B1D16000845E5 /* Merriweather-LightItalic.otf */ = {isa = PBXFileReference; lastKnownFileType = file; path = "Merriweather-LightItalic.otf"; sourceTree = "<group>"; };
		7FE900B3210B1D16000845E5 /* SIL Open Font License.txt */ = {isa = PBXFileReference; fileEncoding = 4; lastKnownFileType = text; path = "SIL Open Font License.txt"; sourceTree = "<group>"; };
		7FE900B4210B1D17000845E5 /* Merriweather-Italic.otf */ = {isa = PBXFileReference; lastKnownFileType = file; path = "Merriweather-Italic.otf"; sourceTree = "<group>"; };
		7FE900B5210B1D17000845E5 /* Merriweather-BoldItalic.otf */ = {isa = PBXFileReference; lastKnownFileType = file; path = "Merriweather-BoldItalic.otf"; sourceTree = "<group>"; };
		7FE900B6210B1D18000845E5 /* Merriweather-BlackItalic.otf */ = {isa = PBXFileReference; lastKnownFileType = file; path = "Merriweather-BlackItalic.otf"; sourceTree = "<group>"; };
		7FE900B7210B1D18000845E5 /* Merriweather-Bold.otf */ = {isa = PBXFileReference; lastKnownFileType = file; path = "Merriweather-Bold.otf"; sourceTree = "<group>"; };
		7FE900B8210B1D19000845E5 /* Merriweather-Black.otf */ = {isa = PBXFileReference; lastKnownFileType = file; path = "Merriweather-Black.otf"; sourceTree = "<group>"; };
		7FE900B9210B1D19000845E5 /* Merriweather-Regular.otf */ = {isa = PBXFileReference; lastKnownFileType = file; path = "Merriweather-Regular.otf"; sourceTree = "<group>"; };
		7FE900C5210B1E69000845E5 /* librefranklin-light.ttf */ = {isa = PBXFileReference; lastKnownFileType = file; path = "librefranklin-light.ttf"; sourceTree = "<group>"; };
		7FE900C6210B1E69000845E5 /* librefranklin-regular.ttf */ = {isa = PBXFileReference; lastKnownFileType = file; path = "librefranklin-regular.ttf"; sourceTree = "<group>"; };
		7FE900C7210B1E6A000845E5 /* librefranklin-extrabolditalic.ttf */ = {isa = PBXFileReference; lastKnownFileType = file; path = "librefranklin-extrabolditalic.ttf"; sourceTree = "<group>"; };
		7FE900C8210B1E6A000845E5 /* librefranklin-bolditalic.ttf */ = {isa = PBXFileReference; lastKnownFileType = file; path = "librefranklin-bolditalic.ttf"; sourceTree = "<group>"; };
		7FE900C9210B1E6B000845E5 /* librefranklin-italic.ttf */ = {isa = PBXFileReference; lastKnownFileType = file; path = "librefranklin-italic.ttf"; sourceTree = "<group>"; };
		7FE900CA210B1E6B000845E5 /* librefranklin-thin.ttf */ = {isa = PBXFileReference; lastKnownFileType = file; path = "librefranklin-thin.ttf"; sourceTree = "<group>"; };
		7FE900CB210B1E6C000845E5 /* librefranklin-bold.ttf */ = {isa = PBXFileReference; lastKnownFileType = file; path = "librefranklin-bold.ttf"; sourceTree = "<group>"; };
		7FE900CC210B1E6D000845E5 /* librefranklin-semibolditalic.ttf */ = {isa = PBXFileReference; lastKnownFileType = file; path = "librefranklin-semibolditalic.ttf"; sourceTree = "<group>"; };
		7FE900CD210B1E6D000845E5 /* librefranklin-extralightitalic.ttf */ = {isa = PBXFileReference; lastKnownFileType = file; path = "librefranklin-extralightitalic.ttf"; sourceTree = "<group>"; };
		7FE900CE210B1E6E000845E5 /* librefranklin-semibold.ttf */ = {isa = PBXFileReference; lastKnownFileType = file; path = "librefranklin-semibold.ttf"; sourceTree = "<group>"; };
		7FE900CF210B1E6F000845E5 /* librefranklin-black.ttf */ = {isa = PBXFileReference; lastKnownFileType = file; path = "librefranklin-black.ttf"; sourceTree = "<group>"; };
		7FE900D0210B1E6F000845E5 /* librefranklin-lightitalic.ttf */ = {isa = PBXFileReference; lastKnownFileType = file; path = "librefranklin-lightitalic.ttf"; sourceTree = "<group>"; };
		7FE900D1210B1E71000845E5 /* librefranklin-medium.ttf */ = {isa = PBXFileReference; lastKnownFileType = file; path = "librefranklin-medium.ttf"; sourceTree = "<group>"; };
		7FE900D2210B1E71000845E5 /* librefranklin-mediumitalic.ttf */ = {isa = PBXFileReference; lastKnownFileType = file; path = "librefranklin-mediumitalic.ttf"; sourceTree = "<group>"; };
		7FE900D3210B1E72000845E5 /* librefranklin-extrabold.ttf */ = {isa = PBXFileReference; lastKnownFileType = file; path = "librefranklin-extrabold.ttf"; sourceTree = "<group>"; };
		7FE900D4210B1E72000845E5 /* librefranklin-thinitalic.ttf */ = {isa = PBXFileReference; lastKnownFileType = file; path = "librefranklin-thinitalic.ttf"; sourceTree = "<group>"; };
		7FE900D5210B1E73000845E5 /* librefranklin-blackitalic.ttf */ = {isa = PBXFileReference; lastKnownFileType = file; path = "librefranklin-blackitalic.ttf"; sourceTree = "<group>"; };
		7FE900D6210B1E73000845E5 /* SIL Open Font License.txt */ = {isa = PBXFileReference; fileEncoding = 4; lastKnownFileType = text; path = "SIL Open Font License.txt"; sourceTree = "<group>"; };
		7FE900D7210B1E76000845E5 /* librefranklin-extralight.ttf */ = {isa = PBXFileReference; lastKnownFileType = file; path = "librefranklin-extralight.ttf"; sourceTree = "<group>"; };
		804B6E04F902330FB07CBD3E /* Pods_Beacon.framework */ = {isa = PBXFileReference; explicitFileType = wrapper.framework; includeInIndex = 0; path = Pods_Beacon.framework; sourceTree = BUILT_PRODUCTS_DIR; };
		85CB159476DB5E83B9FE4F77 /* Pods-BeaconTests.release.xcconfig */ = {isa = PBXFileReference; includeInIndex = 1; lastKnownFileType = text.xcconfig; name = "Pods-BeaconTests.release.xcconfig"; path = "Pods/Target Support Files/Pods-BeaconTests/Pods-BeaconTests.release.xcconfig"; sourceTree = "<group>"; };
		978342216BC1877FE483CE1F /* Pods-Beacon.debug.xcconfig */ = {isa = PBXFileReference; includeInIndex = 1; lastKnownFileType = text.xcconfig; name = "Pods-Beacon.debug.xcconfig"; path = "Pods/Target Support Files/Pods-Beacon/Pods-Beacon.debug.xcconfig"; sourceTree = "<group>"; };
		C7D931F164CF5F538F6A5DCC /* Pods-BeaconTests.debug.xcconfig */ = {isa = PBXFileReference; includeInIndex = 1; lastKnownFileType = text.xcconfig; name = "Pods-BeaconTests.debug.xcconfig"; path = "Pods/Target Support Files/Pods-BeaconTests/Pods-BeaconTests.debug.xcconfig"; sourceTree = "<group>"; };
		D2DA322E02AB48883FEFCD44 /* Pods_BeaconUITests.framework */ = {isa = PBXFileReference; explicitFileType = wrapper.framework; includeInIndex = 0; path = Pods_BeaconUITests.framework; sourceTree = BUILT_PRODUCTS_DIR; };
		D94786A95F23C4697245DA90 /* Pods-BeaconUITests.debug.xcconfig */ = {isa = PBXFileReference; includeInIndex = 1; lastKnownFileType = text.xcconfig; name = "Pods-BeaconUITests.debug.xcconfig"; path = "Pods/Target Support Files/Pods-BeaconUITests/Pods-BeaconUITests.debug.xcconfig"; sourceTree = "<group>"; };
/* End PBXFileReference section */

/* Begin PBXFrameworksBuildPhase section */
		7FB9620E2109AC32001E6E40 /* Frameworks */ = {
			isa = PBXFrameworksBuildPhase;
			buildActionMask = 2147483647;
			files = (
				40B70C73E215D6BD94E70679 /* Pods_Beacon.framework in Frameworks */,
			);
			runOnlyForDeploymentPostprocessing = 0;
		};
		7FB962252109AC34001E6E40 /* Frameworks */ = {
			isa = PBXFrameworksBuildPhase;
			buildActionMask = 2147483647;
			files = (
				8DCFF91FC9028C201D08943D /* Pods_BeaconTests.framework in Frameworks */,
			);
			runOnlyForDeploymentPostprocessing = 0;
		};
		7FB962302109AC34001E6E40 /* Frameworks */ = {
			isa = PBXFrameworksBuildPhase;
			buildActionMask = 2147483647;
			files = (
				215AE0D032AA91C885BB6F3A /* Pods_BeaconUITests.framework in Frameworks */,
			);
			runOnlyForDeploymentPostprocessing = 0;
		};
/* End PBXFrameworksBuildPhase section */

/* Begin PBXGroup section */
		5F43D556C52C28D2B2D29CB5 /* Frameworks */ = {
			isa = PBXGroup;
			children = (
				804B6E04F902330FB07CBD3E /* Pods_Beacon.framework */,
				286DF913478884FE53091EC5 /* Pods_BeaconTests.framework */,
				D2DA322E02AB48883FEFCD44 /* Pods_BeaconUITests.framework */,
			);
			name = Frameworks;
			sourceTree = "<group>";
		};
		7F67D4202109C878006067B3 /* Models */ = {
			isa = PBXGroup;
			children = (
			);
			path = Models;
			sourceTree = "<group>";
		};
		7F67D4212109C87F006067B3 /* ViewModels */ = {
			isa = PBXGroup;
			children = (
			);
			path = ViewModels;
			sourceTree = "<group>";
		};
		7F67D4222109C88D006067B3 /* ViewControllers */ = {
			isa = PBXGroup;
			children = (
				7FB962162109AC32001E6E40 /* MainViewController.swift */,
				7FE900AE210B1169000845E5 /* LoginViewController.swift */,
			);
			path = ViewControllers;
			sourceTree = "<group>";
		};
		7F67D4232109C89A006067B3 /* Views */ = {
			isa = PBXGroup;
			children = (
				7F67D476210B314A006067B3 /* MenuButton.swift */,
				7F67D478210B3178006067B3 /* MenuCell.swift */,
				7F67D479210B3178006067B3 /* MenuCell.xib */,
			);
			path = Views;
			sourceTree = "<group>";
		};
		7F67D4242109C8A1006067B3 /* Services */ = {
			isa = PBXGroup;
			children = (
			);
			path = Services;
			sourceTree = "<group>";
		};
		7F67D4252109C8A8006067B3 /* Storyboards */ = {
			isa = PBXGroup;
			children = (
				7FB962182109AC32001E6E40 /* Main.storyboard */,
				7FB962202109AC34001E6E40 /* LaunchScreen.storyboard */,
			);
			path = Storyboards;
			sourceTree = "<group>";
		};
		7F67D4262109C8CD006067B3 /* Utils */ = {
			isa = PBXGroup;
			children = (
				7F67D4272109C963006067B3 /* Extentions.swift */,
			);
			path = Utils;
			sourceTree = "<group>";
		};
		7FB962082109AC32001E6E40 = {
			isa = PBXGroup;
			children = (
				7FB962132109AC32001E6E40 /* Beacon */,
				7FB9622B2109AC34001E6E40 /* BeaconTests */,
				7FB962362109AC34001E6E40 /* BeaconUITests */,
				7FB962122109AC32001E6E40 /* Products */,
				C736D2495D12542317134A32 /* Pods */,
				5F43D556C52C28D2B2D29CB5 /* Frameworks */,
			);
			sourceTree = "<group>";
		};
		7FB962122109AC32001E6E40 /* Products */ = {
			isa = PBXGroup;
			children = (
				7FB962112109AC32001E6E40 /* Beacon.app */,
				7FB962282109AC34001E6E40 /* BeaconTests.xctest */,
				7FB962332109AC34001E6E40 /* BeaconUITests.xctest */,
			);
			name = Products;
			sourceTree = "<group>";
		};
		7FB962132109AC32001E6E40 /* Beacon */ = {
			isa = PBXGroup;
			children = (
				7FE900B0210B1D04000845E5 /* Fonts */,
				7F67D41F2109C4AF006067B3 /* ObjCBridge.h */,
				7FB9621E2109AC34001E6E40 /* Assets.xcassets */,
				7FB962142109AC32001E6E40 /* AppDelegate.swift */,
				7F67D4262109C8CD006067B3 /* Utils */,
				7F67D4202109C878006067B3 /* Models */,
				7F67D4212109C87F006067B3 /* ViewModels */,
				7F67D4232109C89A006067B3 /* Views */,
				7F67D4252109C8A8006067B3 /* Storyboards */,
				7F67D4242109C8A1006067B3 /* Services */,
				7F67D4222109C88D006067B3 /* ViewControllers */,
				7FB962232109AC34001E6E40 /* Info.plist */,
				7FB9621B2109AC32001E6E40 /* Beacon.xcdatamodeld */,
			);
			path = Beacon;
			sourceTree = "<group>";
		};
		7FB9622B2109AC34001E6E40 /* BeaconTests */ = {
			isa = PBXGroup;
			children = (
				7FB9622C2109AC34001E6E40 /* BeaconTests.swift */,
				7FB9622E2109AC34001E6E40 /* Info.plist */,
			);
			path = BeaconTests;
			sourceTree = "<group>";
		};
		7FB962362109AC34001E6E40 /* BeaconUITests */ = {
			isa = PBXGroup;
			children = (
				7FB962372109AC34001E6E40 /* BeaconUITests.swift */,
				7FB962392109AC34001E6E40 /* Info.plist */,
			);
			path = BeaconUITests;
			sourceTree = "<group>";
		};
		7FE900B0210B1D04000845E5 /* Fonts */ = {
			isa = PBXGroup;
			children = (
				7FE900C4210B1E56000845E5 /* LibreFranklin */,
				7FE900C3210B1E30000845E5 /* Merriweather */,
			);
			path = Fonts;
			sourceTree = "<group>";
		};
		7FE900C3210B1E30000845E5 /* Merriweather */ = {
			isa = PBXGroup;
			children = (
				7FE900B3210B1D16000845E5 /* SIL Open Font License.txt */,
				7FE900B7210B1D18000845E5 /* Merriweather-Bold.otf */,
				7FE900B5210B1D17000845E5 /* Merriweather-BoldItalic.otf */,
				7FE900B4210B1D17000845E5 /* Merriweather-Italic.otf */,
				7FE900B1210B1D15000845E5 /* Merriweather-Light.otf */,
				7FE900B2210B1D16000845E5 /* Merriweather-LightItalic.otf */,
				7FE900B9210B1D19000845E5 /* Merriweather-Regular.otf */,
				7FE900B8210B1D19000845E5 /* Merriweather-Black.otf */,
				7FE900B6210B1D18000845E5 /* Merriweather-BlackItalic.otf */,
			);
			path = Merriweather;
			sourceTree = "<group>";
		};
		7FE900C4210B1E56000845E5 /* LibreFranklin */ = {
			isa = PBXGroup;
			children = (
				7FE900CF210B1E6F000845E5 /* librefranklin-black.ttf */,
				7FE900D5210B1E73000845E5 /* librefranklin-blackitalic.ttf */,
				7FE900CB210B1E6C000845E5 /* librefranklin-bold.ttf */,
				7FE900C8210B1E6A000845E5 /* librefranklin-bolditalic.ttf */,
				7FE900D3210B1E72000845E5 /* librefranklin-extrabold.ttf */,
				7FE900C7210B1E6A000845E5 /* librefranklin-extrabolditalic.ttf */,
				7FE900D7210B1E76000845E5 /* librefranklin-extralight.ttf */,
				7FE900CD210B1E6D000845E5 /* librefranklin-extralightitalic.ttf */,
				7FE900C9210B1E6B000845E5 /* librefranklin-italic.ttf */,
				7FE900C5210B1E69000845E5 /* librefranklin-light.ttf */,
				7FE900D0210B1E6F000845E5 /* librefranklin-lightitalic.ttf */,
				7FE900D1210B1E71000845E5 /* librefranklin-medium.ttf */,
				7FE900D2210B1E71000845E5 /* librefranklin-mediumitalic.ttf */,
				7FE900C6210B1E69000845E5 /* librefranklin-regular.ttf */,
				7FE900CE210B1E6E000845E5 /* librefranklin-semibold.ttf */,
				7FE900CC210B1E6D000845E5 /* librefranklin-semibolditalic.ttf */,
				7FE900CA210B1E6B000845E5 /* librefranklin-thin.ttf */,
				7FE900D4210B1E72000845E5 /* librefranklin-thinitalic.ttf */,
				7FE900D6210B1E73000845E5 /* SIL Open Font License.txt */,
			);
			path = LibreFranklin;
			sourceTree = "<group>";
		};
		C736D2495D12542317134A32 /* Pods */ = {
			isa = PBXGroup;
			children = (
				978342216BC1877FE483CE1F /* Pods-Beacon.debug.xcconfig */,
				7783880F873E77DDCAE7E7C7 /* Pods-Beacon.release.xcconfig */,
				C7D931F164CF5F538F6A5DCC /* Pods-BeaconTests.debug.xcconfig */,
				85CB159476DB5E83B9FE4F77 /* Pods-BeaconTests.release.xcconfig */,
				D94786A95F23C4697245DA90 /* Pods-BeaconUITests.debug.xcconfig */,
				03A1370B08930A3B72FA1A5D /* Pods-BeaconUITests.release.xcconfig */,
			);
			name = Pods;
			sourceTree = "<group>";
		};
/* End PBXGroup section */

/* Begin PBXNativeTarget section */
		7FB962102109AC32001E6E40 /* Beacon */ = {
			isa = PBXNativeTarget;
			buildConfigurationList = 7FB9623C2109AC34001E6E40 /* Build configuration list for PBXNativeTarget "Beacon" */;
			buildPhases = (
				46FCF54C6A821832B5CEC39E /* [CP] Check Pods Manifest.lock */,
				7FB9620D2109AC32001E6E40 /* Sources */,
				7FB9620E2109AC32001E6E40 /* Frameworks */,
				7FB9620F2109AC32001E6E40 /* Resources */,
				902DA6AC17EF7D51F4D9058F /* [CP] Copy Pods Resources */,
			);
			buildRules = (
			);
			dependencies = (
			);
			name = Beacon;
			productName = Beacon;
			productReference = 7FB962112109AC32001E6E40 /* Beacon.app */;
			productType = "com.apple.product-type.application";
		};
		7FB962272109AC34001E6E40 /* BeaconTests */ = {
			isa = PBXNativeTarget;
			buildConfigurationList = 7FB9623F2109AC34001E6E40 /* Build configuration list for PBXNativeTarget "BeaconTests" */;
			buildPhases = (
				4DD675F88036AA1134FBD2CA /* [CP] Check Pods Manifest.lock */,
				7FB962242109AC34001E6E40 /* Sources */,
				7FB962252109AC34001E6E40 /* Frameworks */,
				7FB962262109AC34001E6E40 /* Resources */,
			);
			buildRules = (
			);
			dependencies = (
				7FB9622A2109AC34001E6E40 /* PBXTargetDependency */,
			);
			name = BeaconTests;
			productName = BeaconTests;
			productReference = 7FB962282109AC34001E6E40 /* BeaconTests.xctest */;
			productType = "com.apple.product-type.bundle.unit-test";
		};
		7FB962322109AC34001E6E40 /* BeaconUITests */ = {
			isa = PBXNativeTarget;
			buildConfigurationList = 7FB962422109AC34001E6E40 /* Build configuration list for PBXNativeTarget "BeaconUITests" */;
			buildPhases = (
				C4A38C9A7B5F4F35990D0F79 /* [CP] Check Pods Manifest.lock */,
				7FB9622F2109AC34001E6E40 /* Sources */,
				7FB962302109AC34001E6E40 /* Frameworks */,
				7FB962312109AC34001E6E40 /* Resources */,
			);
			buildRules = (
			);
			dependencies = (
				7FB962352109AC34001E6E40 /* PBXTargetDependency */,
			);
			name = BeaconUITests;
			productName = BeaconUITests;
			productReference = 7FB962332109AC34001E6E40 /* BeaconUITests.xctest */;
			productType = "com.apple.product-type.bundle.ui-testing";
		};
/* End PBXNativeTarget section */

/* Begin PBXProject section */
		7FB962092109AC32001E6E40 /* Project object */ = {
			isa = PBXProject;
			attributes = {
				LastSwiftUpdateCheck = 0940;
				LastUpgradeCheck = 0940;
				ORGANIZATIONNAME = user1;
				TargetAttributes = {
					7FB962102109AC32001E6E40 = {
						CreatedOnToolsVersion = 9.4.1;
						SystemCapabilities = {
							com.apple.BackgroundModes = {
								enabled = 1;
							};
						};
					};
					7FB962272109AC34001E6E40 = {
						CreatedOnToolsVersion = 9.4.1;
						TestTargetID = 7FB962102109AC32001E6E40;
					};
					7FB962322109AC34001E6E40 = {
						CreatedOnToolsVersion = 9.4.1;
						TestTargetID = 7FB962102109AC32001E6E40;
					};
				};
			};
			buildConfigurationList = 7FB9620C2109AC32001E6E40 /* Build configuration list for PBXProject "Beacon" */;
			compatibilityVersion = "Xcode 9.3";
			developmentRegion = en;
			hasScannedForEncodings = 0;
			knownRegions = (
				en,
				Base,
			);
			mainGroup = 7FB962082109AC32001E6E40;
			productRefGroup = 7FB962122109AC32001E6E40 /* Products */;
			projectDirPath = "";
			projectRoot = "";
			targets = (
				7FB962102109AC32001E6E40 /* Beacon */,
				7FB962272109AC34001E6E40 /* BeaconTests */,
				7FB962322109AC34001E6E40 /* BeaconUITests */,
			);
		};
/* End PBXProject section */

/* Begin PBXResourcesBuildPhase section */
		7FB9620F2109AC32001E6E40 /* Resources */ = {
			isa = PBXResourcesBuildPhase;
			buildActionMask = 2147483647;
			files = (
				7FE900BF210B1D1A000845E5 /* Merriweather-BlackItalic.otf in Resources */,
				7FE900EA210B1E77000845E5 /* librefranklin-extralight.ttf in Resources */,
				7FE900DA210B1E77000845E5 /* librefranklin-extrabolditalic.ttf in Resources */,
				7FE900BB210B1D1A000845E5 /* Merriweather-LightItalic.otf in Resources */,
				7FB962222109AC34001E6E40 /* LaunchScreen.storyboard in Resources */,
				7FE900DE210B1E77000845E5 /* librefranklin-bold.ttf in Resources */,
				7FE900BD210B1D1A000845E5 /* Merriweather-Italic.otf in Resources */,
				7FE900D8210B1E77000845E5 /* librefranklin-light.ttf in Resources */,
				7FE900BA210B1D1A000845E5 /* Merriweather-Light.otf in Resources */,
				7FE900E0210B1E77000845E5 /* librefranklin-extralightitalic.ttf in Resources */,
				7FE900BC210B1D1A000845E5 /* SIL Open Font License.txt in Resources */,
				7FE900E4210B1E77000845E5 /* librefranklin-medium.ttf in Resources */,
				7FE900BE210B1D1A000845E5 /* Merriweather-BoldItalic.otf in Resources */,
				7FE900DF210B1E77000845E5 /* librefranklin-semibolditalic.ttf in Resources */,
				7FE900E7210B1E77000845E5 /* librefranklin-thinitalic.ttf in Resources */,
				7FE900DD210B1E77000845E5 /* librefranklin-thin.ttf in Resources */,
				7FE900E1210B1E77000845E5 /* librefranklin-semibold.ttf in Resources */,
				7FE900E5210B1E77000845E5 /* librefranklin-mediumitalic.ttf in Resources */,
				7F67D47B210B3178006067B3 /* MenuCell.xib in Resources */,
				7FE900E6210B1E77000845E5 /* librefranklin-extrabold.ttf in Resources */,
				7FE900C1210B1D1A000845E5 /* Merriweather-Black.otf in Resources */,
				7FE900D9210B1E77000845E5 /* librefranklin-regular.ttf in Resources */,
				7FE900C0210B1D1A000845E5 /* Merriweather-Bold.otf in Resources */,
				7FE900E9210B1E77000845E5 /* SIL Open Font License.txt in Resources */,
				7FE900C2210B1D1A000845E5 /* Merriweather-Regular.otf in Resources */,
				7FB9621F2109AC34001E6E40 /* Assets.xcassets in Resources */,
				7FE900DC210B1E77000845E5 /* librefranklin-italic.ttf in Resources */,
				7FE900E8210B1E77000845E5 /* librefranklin-blackitalic.ttf in Resources */,
				7FB9621A2109AC32001E6E40 /* Main.storyboard in Resources */,
				7FE900DB210B1E77000845E5 /* librefranklin-bolditalic.ttf in Resources */,
				7FE900E2210B1E77000845E5 /* librefranklin-black.ttf in Resources */,
				7FE900E3210B1E77000845E5 /* librefranklin-lightitalic.ttf in Resources */,
			);
			runOnlyForDeploymentPostprocessing = 0;
		};
		7FB962262109AC34001E6E40 /* Resources */ = {
			isa = PBXResourcesBuildPhase;
			buildActionMask = 2147483647;
			files = (
			);
			runOnlyForDeploymentPostprocessing = 0;
		};
		7FB962312109AC34001E6E40 /* Resources */ = {
			isa = PBXResourcesBuildPhase;
			buildActionMask = 2147483647;
			files = (
			);
			runOnlyForDeploymentPostprocessing = 0;
		};
/* End PBXResourcesBuildPhase section */

/* Begin PBXShellScriptBuildPhase section */
		46FCF54C6A821832B5CEC39E /* [CP] Check Pods Manifest.lock */ = {
			isa = PBXShellScriptBuildPhase;
			buildActionMask = 2147483647;
			files = (
			);
			inputPaths = (
				"${PODS_PODFILE_DIR_PATH}/Podfile.lock",
				"${PODS_ROOT}/Manifest.lock",
			);
			name = "[CP] Check Pods Manifest.lock";
			outputPaths = (
				"$(DERIVED_FILE_DIR)/Pods-Beacon-checkManifestLockResult.txt",
			);
			runOnlyForDeploymentPostprocessing = 0;
			shellPath = /bin/sh;
			shellScript = "diff \"${PODS_PODFILE_DIR_PATH}/Podfile.lock\" \"${PODS_ROOT}/Manifest.lock\" > /dev/null\nif [ $? != 0 ] ; then\n    # print error to STDERR\n    echo \"error: The sandbox is not in sync with the Podfile.lock. Run 'pod install' or update your CocoaPods installation.\" >&2\n    exit 1\nfi\n# This output is used by Xcode 'outputs' to avoid re-running this script phase.\necho \"SUCCESS\" > \"${SCRIPT_OUTPUT_FILE_0}\"\n";
			showEnvVarsInLog = 0;
		};
		4DD675F88036AA1134FBD2CA /* [CP] Check Pods Manifest.lock */ = {
			isa = PBXShellScriptBuildPhase;
			buildActionMask = 2147483647;
			files = (
			);
			inputPaths = (
				"${PODS_PODFILE_DIR_PATH}/Podfile.lock",
				"${PODS_ROOT}/Manifest.lock",
			);
			name = "[CP] Check Pods Manifest.lock";
			outputPaths = (
				"$(DERIVED_FILE_DIR)/Pods-BeaconTests-checkManifestLockResult.txt",
			);
			runOnlyForDeploymentPostprocessing = 0;
			shellPath = /bin/sh;
			shellScript = "diff \"${PODS_PODFILE_DIR_PATH}/Podfile.lock\" \"${PODS_ROOT}/Manifest.lock\" > /dev/null\nif [ $? != 0 ] ; then\n    # print error to STDERR\n    echo \"error: The sandbox is not in sync with the Podfile.lock. Run 'pod install' or update your CocoaPods installation.\" >&2\n    exit 1\nfi\n# This output is used by Xcode 'outputs' to avoid re-running this script phase.\necho \"SUCCESS\" > \"${SCRIPT_OUTPUT_FILE_0}\"\n";
			showEnvVarsInLog = 0;
		};
		902DA6AC17EF7D51F4D9058F /* [CP] Copy Pods Resources */ = {
			isa = PBXShellScriptBuildPhase;
			buildActionMask = 2147483647;
			files = (
			);
			inputPaths = (
				"${SRCROOT}/Pods/Target Support Files/Pods-Beacon/Pods-Beacon-resources.sh",
				"${PODS_ROOT}/EstimoteIndoorSDK/EstimoteIndoorLocationSDK/Resources/avatar.png",
				"${PODS_ROOT}/EstimoteIndoorSDK/EstimoteIndoorLocationSDK/Resources/avatar@2x.png",
				"${PODS_ROOT}/EstimoteIndoorSDK/EstimoteIndoorLocationSDK/Resources/avatar@3x.png",
				"${PODS_ROOT}/EstimoteIndoorSDK/EstimoteIndoorLocationSDK/Resources/avatar_noarrow.png",
				"${PODS_ROOT}/EstimoteIndoorSDK/EstimoteIndoorLocationSDK/Resources/avatar_noarrow@2x.png",
				"${PODS_ROOT}/EstimoteIndoorSDK/EstimoteIndoorLocationSDK/Resources/avatar_noarrow@3x.png",
				"${PODS_ROOT}/EstimoteIndoorSDK/EstimoteIndoorLocationSDK/Resources/beaconBeetrootSmall.png",
				"${PODS_ROOT}/EstimoteIndoorSDK/EstimoteIndoorLocationSDK/Resources/beaconBeetrootSmall@2x.png",
				"${PODS_ROOT}/EstimoteIndoorSDK/EstimoteIndoorLocationSDK/Resources/beaconBeetrootSmall@3x.png",
				"${PODS_ROOT}/EstimoteIndoorSDK/EstimoteIndoorLocationSDK/Resources/beaconBlackSmall.png",
				"${PODS_ROOT}/EstimoteIndoorSDK/EstimoteIndoorLocationSDK/Resources/beaconBlackSmall@2x.png",
				"${PODS_ROOT}/EstimoteIndoorSDK/EstimoteIndoorLocationSDK/Resources/beaconBlackSmall@3x.png",
				"${PODS_ROOT}/EstimoteIndoorSDK/EstimoteIndoorLocationSDK/Resources/beaconBlueberrySmall.png",
				"${PODS_ROOT}/EstimoteIndoorSDK/EstimoteIndoorLocationSDK/Resources/beaconBlueberrySmall@2x.png",
				"${PODS_ROOT}/EstimoteIndoorSDK/EstimoteIndoorLocationSDK/Resources/beaconBlueberrySmall@3x.png",
				"${PODS_ROOT}/EstimoteIndoorSDK/EstimoteIndoorLocationSDK/Resources/beaconCandySmall.png",
				"${PODS_ROOT}/EstimoteIndoorSDK/EstimoteIndoorLocationSDK/Resources/beaconCandySmall@2x.png",
				"${PODS_ROOT}/EstimoteIndoorSDK/EstimoteIndoorLocationSDK/Resources/beaconCandySmall@3x.png",
				"${PODS_ROOT}/EstimoteIndoorSDK/EstimoteIndoorLocationSDK/Resources/beaconGreySmall.png",
				"${PODS_ROOT}/EstimoteIndoorSDK/EstimoteIndoorLocationSDK/Resources/beaconGreySmall@2x.png",
				"${PODS_ROOT}/EstimoteIndoorSDK/EstimoteIndoorLocationSDK/Resources/beaconGreySmall@3x.png",
				"${PODS_ROOT}/EstimoteIndoorSDK/EstimoteIndoorLocationSDK/Resources/beaconIcySmall.png",
				"${PODS_ROOT}/EstimoteIndoorSDK/EstimoteIndoorLocationSDK/Resources/beaconIcySmall@2x.png",
				"${PODS_ROOT}/EstimoteIndoorSDK/EstimoteIndoorLocationSDK/Resources/beaconIcySmall@3x.png",
				"${PODS_ROOT}/EstimoteIndoorSDK/EstimoteIndoorLocationSDK/Resources/beaconLemonSmall.png",
				"${PODS_ROOT}/EstimoteIndoorSDK/EstimoteIndoorLocationSDK/Resources/beaconLemonSmall@2x.png",
				"${PODS_ROOT}/EstimoteIndoorSDK/EstimoteIndoorLocationSDK/Resources/beaconLemonSmall@3x.png",
				"${PODS_ROOT}/EstimoteIndoorSDK/EstimoteIndoorLocationSDK/Resources/beaconMintSmall.png",
				"${PODS_ROOT}/EstimoteIndoorSDK/EstimoteIndoorLocationSDK/Resources/beaconMintSmall@2x.png",
				"${PODS_ROOT}/EstimoteIndoorSDK/EstimoteIndoorLocationSDK/Resources/beaconMintSmall@3x.png",
				"${PODS_ROOT}/EstimoteIndoorSDK/EstimoteIndoorLocationSDK/Resources/beaconTransparentSmall.png",
				"${PODS_ROOT}/EstimoteIndoorSDK/EstimoteIndoorLocationSDK/Resources/beaconTransparentSmall@2x.png",
				"${PODS_ROOT}/EstimoteIndoorSDK/EstimoteIndoorLocationSDK/Resources/beaconTransparentSmall@3x.png",
				"${PODS_ROOT}/EstimoteIndoorSDK/EstimoteIndoorLocationSDK/Resources/beaconWhiteSmall.png",
				"${PODS_ROOT}/EstimoteIndoorSDK/EstimoteIndoorLocationSDK/Resources/beaconWhiteSmall@2x.png",
				"${PODS_ROOT}/EstimoteIndoorSDK/EstimoteIndoorLocationSDK/Resources/beaconWhiteSmall@3x.png",
			);
			name = "[CP] Copy Pods Resources";
			outputPaths = (
				"${TARGET_BUILD_DIR}/${UNLOCALIZED_RESOURCES_FOLDER_PATH}/avatar.png",
				"${TARGET_BUILD_DIR}/${UNLOCALIZED_RESOURCES_FOLDER_PATH}/avatar@2x.png",
				"${TARGET_BUILD_DIR}/${UNLOCALIZED_RESOURCES_FOLDER_PATH}/avatar@3x.png",
				"${TARGET_BUILD_DIR}/${UNLOCALIZED_RESOURCES_FOLDER_PATH}/avatar_noarrow.png",
				"${TARGET_BUILD_DIR}/${UNLOCALIZED_RESOURCES_FOLDER_PATH}/avatar_noarrow@2x.png",
				"${TARGET_BUILD_DIR}/${UNLOCALIZED_RESOURCES_FOLDER_PATH}/avatar_noarrow@3x.png",
				"${TARGET_BUILD_DIR}/${UNLOCALIZED_RESOURCES_FOLDER_PATH}/beaconBeetrootSmall.png",
				"${TARGET_BUILD_DIR}/${UNLOCALIZED_RESOURCES_FOLDER_PATH}/beaconBeetrootSmall@2x.png",
				"${TARGET_BUILD_DIR}/${UNLOCALIZED_RESOURCES_FOLDER_PATH}/beaconBeetrootSmall@3x.png",
				"${TARGET_BUILD_DIR}/${UNLOCALIZED_RESOURCES_FOLDER_PATH}/beaconBlackSmall.png",
				"${TARGET_BUILD_DIR}/${UNLOCALIZED_RESOURCES_FOLDER_PATH}/beaconBlackSmall@2x.png",
				"${TARGET_BUILD_DIR}/${UNLOCALIZED_RESOURCES_FOLDER_PATH}/beaconBlackSmall@3x.png",
				"${TARGET_BUILD_DIR}/${UNLOCALIZED_RESOURCES_FOLDER_PATH}/beaconBlueberrySmall.png",
				"${TARGET_BUILD_DIR}/${UNLOCALIZED_RESOURCES_FOLDER_PATH}/beaconBlueberrySmall@2x.png",
				"${TARGET_BUILD_DIR}/${UNLOCALIZED_RESOURCES_FOLDER_PATH}/beaconBlueberrySmall@3x.png",
				"${TARGET_BUILD_DIR}/${UNLOCALIZED_RESOURCES_FOLDER_PATH}/beaconCandySmall.png",
				"${TARGET_BUILD_DIR}/${UNLOCALIZED_RESOURCES_FOLDER_PATH}/beaconCandySmall@2x.png",
				"${TARGET_BUILD_DIR}/${UNLOCALIZED_RESOURCES_FOLDER_PATH}/beaconCandySmall@3x.png",
				"${TARGET_BUILD_DIR}/${UNLOCALIZED_RESOURCES_FOLDER_PATH}/beaconGreySmall.png",
				"${TARGET_BUILD_DIR}/${UNLOCALIZED_RESOURCES_FOLDER_PATH}/beaconGreySmall@2x.png",
				"${TARGET_BUILD_DIR}/${UNLOCALIZED_RESOURCES_FOLDER_PATH}/beaconGreySmall@3x.png",
				"${TARGET_BUILD_DIR}/${UNLOCALIZED_RESOURCES_FOLDER_PATH}/beaconIcySmall.png",
				"${TARGET_BUILD_DIR}/${UNLOCALIZED_RESOURCES_FOLDER_PATH}/beaconIcySmall@2x.png",
				"${TARGET_BUILD_DIR}/${UNLOCALIZED_RESOURCES_FOLDER_PATH}/beaconIcySmall@3x.png",
				"${TARGET_BUILD_DIR}/${UNLOCALIZED_RESOURCES_FOLDER_PATH}/beaconLemonSmall.png",
				"${TARGET_BUILD_DIR}/${UNLOCALIZED_RESOURCES_FOLDER_PATH}/beaconLemonSmall@2x.png",
				"${TARGET_BUILD_DIR}/${UNLOCALIZED_RESOURCES_FOLDER_PATH}/beaconLemonSmall@3x.png",
				"${TARGET_BUILD_DIR}/${UNLOCALIZED_RESOURCES_FOLDER_PATH}/beaconMintSmall.png",
				"${TARGET_BUILD_DIR}/${UNLOCALIZED_RESOURCES_FOLDER_PATH}/beaconMintSmall@2x.png",
				"${TARGET_BUILD_DIR}/${UNLOCALIZED_RESOURCES_FOLDER_PATH}/beaconMintSmall@3x.png",
				"${TARGET_BUILD_DIR}/${UNLOCALIZED_RESOURCES_FOLDER_PATH}/beaconTransparentSmall.png",
				"${TARGET_BUILD_DIR}/${UNLOCALIZED_RESOURCES_FOLDER_PATH}/beaconTransparentSmall@2x.png",
				"${TARGET_BUILD_DIR}/${UNLOCALIZED_RESOURCES_FOLDER_PATH}/beaconTransparentSmall@3x.png",
				"${TARGET_BUILD_DIR}/${UNLOCALIZED_RESOURCES_FOLDER_PATH}/beaconWhiteSmall.png",
				"${TARGET_BUILD_DIR}/${UNLOCALIZED_RESOURCES_FOLDER_PATH}/beaconWhiteSmall@2x.png",
				"${TARGET_BUILD_DIR}/${UNLOCALIZED_RESOURCES_FOLDER_PATH}/beaconWhiteSmall@3x.png",
			);
			runOnlyForDeploymentPostprocessing = 0;
			shellPath = /bin/sh;
			shellScript = "\"${SRCROOT}/Pods/Target Support Files/Pods-Beacon/Pods-Beacon-resources.sh\"\n";
			showEnvVarsInLog = 0;
		};
		C4A38C9A7B5F4F35990D0F79 /* [CP] Check Pods Manifest.lock */ = {
			isa = PBXShellScriptBuildPhase;
			buildActionMask = 2147483647;
			files = (
			);
			inputPaths = (
				"${PODS_PODFILE_DIR_PATH}/Podfile.lock",
				"${PODS_ROOT}/Manifest.lock",
			);
			name = "[CP] Check Pods Manifest.lock";
			outputPaths = (
				"$(DERIVED_FILE_DIR)/Pods-BeaconUITests-checkManifestLockResult.txt",
			);
			runOnlyForDeploymentPostprocessing = 0;
			shellPath = /bin/sh;
			shellScript = "diff \"${PODS_PODFILE_DIR_PATH}/Podfile.lock\" \"${PODS_ROOT}/Manifest.lock\" > /dev/null\nif [ $? != 0 ] ; then\n    # print error to STDERR\n    echo \"error: The sandbox is not in sync with the Podfile.lock. Run 'pod install' or update your CocoaPods installation.\" >&2\n    exit 1\nfi\n# This output is used by Xcode 'outputs' to avoid re-running this script phase.\necho \"SUCCESS\" > \"${SCRIPT_OUTPUT_FILE_0}\"\n";
			showEnvVarsInLog = 0;
		};
/* End PBXShellScriptBuildPhase section */

/* Begin PBXSourcesBuildPhase section */
		7FB9620D2109AC32001E6E40 /* Sources */ = {
			isa = PBXSourcesBuildPhase;
			buildActionMask = 2147483647;
			files = (
				7F67D47A210B3178006067B3 /* MenuCell.swift in Sources */,
				7FB9621D2109AC32001E6E40 /* Beacon.xcdatamodeld in Sources */,
				7FB962172109AC32001E6E40 /* MainViewController.swift in Sources */,
				7F67D477210B314A006067B3 /* MenuButton.swift in Sources */,
				7FB962152109AC32001E6E40 /* AppDelegate.swift in Sources */,
				7FE900AF210B1169000845E5 /* LoginViewController.swift in Sources */,
				7F67D4282109C963006067B3 /* Extentions.swift in Sources */,
			);
			runOnlyForDeploymentPostprocessing = 0;
		};
		7FB962242109AC34001E6E40 /* Sources */ = {
			isa = PBXSourcesBuildPhase;
			buildActionMask = 2147483647;
			files = (
				7FB9622D2109AC34001E6E40 /* BeaconTests.swift in Sources */,
			);
			runOnlyForDeploymentPostprocessing = 0;
		};
		7FB9622F2109AC34001E6E40 /* Sources */ = {
			isa = PBXSourcesBuildPhase;
			buildActionMask = 2147483647;
			files = (
				7FB962382109AC34001E6E40 /* BeaconUITests.swift in Sources */,
			);
			runOnlyForDeploymentPostprocessing = 0;
		};
/* End PBXSourcesBuildPhase section */

/* Begin PBXTargetDependency section */
		7FB9622A2109AC34001E6E40 /* PBXTargetDependency */ = {
			isa = PBXTargetDependency;
			target = 7FB962102109AC32001E6E40 /* Beacon */;
			targetProxy = 7FB962292109AC34001E6E40 /* PBXContainerItemProxy */;
		};
		7FB962352109AC34001E6E40 /* PBXTargetDependency */ = {
			isa = PBXTargetDependency;
			target = 7FB962102109AC32001E6E40 /* Beacon */;
			targetProxy = 7FB962342109AC34001E6E40 /* PBXContainerItemProxy */;
		};
/* End PBXTargetDependency section */

/* Begin PBXVariantGroup section */
		7FB962182109AC32001E6E40 /* Main.storyboard */ = {
			isa = PBXVariantGroup;
			children = (
				7FB962192109AC32001E6E40 /* Base */,
			);
			name = Main.storyboard;
			sourceTree = "<group>";
		};
		7FB962202109AC34001E6E40 /* LaunchScreen.storyboard */ = {
			isa = PBXVariantGroup;
			children = (
				7FB962212109AC34001E6E40 /* Base */,
			);
			name = LaunchScreen.storyboard;
			sourceTree = "<group>";
		};
/* End PBXVariantGroup section */

/* Begin XCBuildConfiguration section */
		7FB9623A2109AC34001E6E40 /* Debug */ = {
			isa = XCBuildConfiguration;
			buildSettings = {
				ALWAYS_SEARCH_USER_PATHS = NO;
				CLANG_ANALYZER_NONNULL = YES;
				CLANG_ANALYZER_NUMBER_OBJECT_CONVERSION = YES_AGGRESSIVE;
				CLANG_CXX_LANGUAGE_STANDARD = "gnu++14";
				CLANG_CXX_LIBRARY = "libc++";
				CLANG_ENABLE_MODULES = YES;
				CLANG_ENABLE_OBJC_ARC = YES;
				CLANG_ENABLE_OBJC_WEAK = YES;
				CLANG_WARN_BLOCK_CAPTURE_AUTORELEASING = YES;
				CLANG_WARN_BOOL_CONVERSION = YES;
				CLANG_WARN_COMMA = YES;
				CLANG_WARN_CONSTANT_CONVERSION = YES;
				CLANG_WARN_DEPRECATED_OBJC_IMPLEMENTATIONS = YES;
				CLANG_WARN_DIRECT_OBJC_ISA_USAGE = YES_ERROR;
				CLANG_WARN_DOCUMENTATION_COMMENTS = YES;
				CLANG_WARN_EMPTY_BODY = YES;
				CLANG_WARN_ENUM_CONVERSION = YES;
				CLANG_WARN_INFINITE_RECURSION = YES;
				CLANG_WARN_INT_CONVERSION = YES;
				CLANG_WARN_NON_LITERAL_NULL_CONVERSION = YES;
				CLANG_WARN_OBJC_IMPLICIT_RETAIN_SELF = YES;
				CLANG_WARN_OBJC_LITERAL_CONVERSION = YES;
				CLANG_WARN_OBJC_ROOT_CLASS = YES_ERROR;
				CLANG_WARN_RANGE_LOOP_ANALYSIS = YES;
				CLANG_WARN_STRICT_PROTOTYPES = YES;
				CLANG_WARN_SUSPICIOUS_MOVE = YES;
				CLANG_WARN_UNGUARDED_AVAILABILITY = YES_AGGRESSIVE;
				CLANG_WARN_UNREACHABLE_CODE = YES;
				CLANG_WARN__DUPLICATE_METHOD_MATCH = YES;
				CODE_SIGN_IDENTITY = "iPhone Developer";
				COPY_PHASE_STRIP = NO;
				DEBUG_INFORMATION_FORMAT = dwarf;
				ENABLE_STRICT_OBJC_MSGSEND = YES;
				ENABLE_TESTABILITY = YES;
				GCC_C_LANGUAGE_STANDARD = gnu11;
				GCC_DYNAMIC_NO_PIC = NO;
				GCC_NO_COMMON_BLOCKS = YES;
				GCC_OPTIMIZATION_LEVEL = 0;
				GCC_PREPROCESSOR_DEFINITIONS = (
					"DEBUG=1",
					"$(inherited)",
				);
				GCC_WARN_64_TO_32_BIT_CONVERSION = YES;
				GCC_WARN_ABOUT_RETURN_TYPE = YES_ERROR;
				GCC_WARN_UNDECLARED_SELECTOR = YES;
				GCC_WARN_UNINITIALIZED_AUTOS = YES_AGGRESSIVE;
				GCC_WARN_UNUSED_FUNCTION = YES;
				GCC_WARN_UNUSED_VARIABLE = YES;
				IPHONEOS_DEPLOYMENT_TARGET = 11.4;
				MTL_ENABLE_DEBUG_INFO = YES;
				ONLY_ACTIVE_ARCH = YES;
				SDKROOT = iphoneos;
				SWIFT_ACTIVE_COMPILATION_CONDITIONS = DEBUG;
				SWIFT_OPTIMIZATION_LEVEL = "-Onone";
			};
			name = Debug;
		};
		7FB9623B2109AC34001E6E40 /* Release */ = {
			isa = XCBuildConfiguration;
			buildSettings = {
				ALWAYS_SEARCH_USER_PATHS = NO;
				CLANG_ANALYZER_NONNULL = YES;
				CLANG_ANALYZER_NUMBER_OBJECT_CONVERSION = YES_AGGRESSIVE;
				CLANG_CXX_LANGUAGE_STANDARD = "gnu++14";
				CLANG_CXX_LIBRARY = "libc++";
				CLANG_ENABLE_MODULES = YES;
				CLANG_ENABLE_OBJC_ARC = YES;
				CLANG_ENABLE_OBJC_WEAK = YES;
				CLANG_WARN_BLOCK_CAPTURE_AUTORELEASING = YES;
				CLANG_WARN_BOOL_CONVERSION = YES;
				CLANG_WARN_COMMA = YES;
				CLANG_WARN_CONSTANT_CONVERSION = YES;
				CLANG_WARN_DEPRECATED_OBJC_IMPLEMENTATIONS = YES;
				CLANG_WARN_DIRECT_OBJC_ISA_USAGE = YES_ERROR;
				CLANG_WARN_DOCUMENTATION_COMMENTS = YES;
				CLANG_WARN_EMPTY_BODY = YES;
				CLANG_WARN_ENUM_CONVERSION = YES;
				CLANG_WARN_INFINITE_RECURSION = YES;
				CLANG_WARN_INT_CONVERSION = YES;
				CLANG_WARN_NON_LITERAL_NULL_CONVERSION = YES;
				CLANG_WARN_OBJC_IMPLICIT_RETAIN_SELF = YES;
				CLANG_WARN_OBJC_LITERAL_CONVERSION = YES;
				CLANG_WARN_OBJC_ROOT_CLASS = YES_ERROR;
				CLANG_WARN_RANGE_LOOP_ANALYSIS = YES;
				CLANG_WARN_STRICT_PROTOTYPES = YES;
				CLANG_WARN_SUSPICIOUS_MOVE = YES;
				CLANG_WARN_UNGUARDED_AVAILABILITY = YES_AGGRESSIVE;
				CLANG_WARN_UNREACHABLE_CODE = YES;
				CLANG_WARN__DUPLICATE_METHOD_MATCH = YES;
				CODE_SIGN_IDENTITY = "iPhone Developer";
				COPY_PHASE_STRIP = NO;
				DEBUG_INFORMATION_FORMAT = "dwarf-with-dsym";
				ENABLE_NS_ASSERTIONS = NO;
				ENABLE_STRICT_OBJC_MSGSEND = YES;
				GCC_C_LANGUAGE_STANDARD = gnu11;
				GCC_NO_COMMON_BLOCKS = YES;
				GCC_WARN_64_TO_32_BIT_CONVERSION = YES;
				GCC_WARN_ABOUT_RETURN_TYPE = YES_ERROR;
				GCC_WARN_UNDECLARED_SELECTOR = YES;
				GCC_WARN_UNINITIALIZED_AUTOS = YES_AGGRESSIVE;
				GCC_WARN_UNUSED_FUNCTION = YES;
				GCC_WARN_UNUSED_VARIABLE = YES;
				IPHONEOS_DEPLOYMENT_TARGET = 11.4;
				MTL_ENABLE_DEBUG_INFO = NO;
				SDKROOT = iphoneos;
				SWIFT_COMPILATION_MODE = wholemodule;
				SWIFT_OPTIMIZATION_LEVEL = "-O";
				VALIDATE_PRODUCT = YES;
			};
			name = Release;
		};
		7FB9623D2109AC34001E6E40 /* Debug */ = {
			isa = XCBuildConfiguration;
			baseConfigurationReference = 978342216BC1877FE483CE1F /* Pods-Beacon.debug.xcconfig */;
			buildSettings = {
				ASSETCATALOG_COMPILER_APPICON_NAME = AppIcon;
				CODE_SIGN_STYLE = Automatic;
				DEVELOPMENT_TEAM = 37JNZ5Q9NW;
				INFOPLIST_FILE = Beacon/Info.plist;
				LD_RUNPATH_SEARCH_PATHS = (
					"$(inherited)",
					"@executable_path/Frameworks",
				);
				PRODUCT_BUNDLE_IDENTIFIER = com.beaconApp.pewlo;
				PRODUCT_NAME = "$(TARGET_NAME)";
				SWIFT_OBJC_BRIDGING_HEADER = "${PROJECT_NAME}/ObjCBridge.h";
				SWIFT_VERSION = 4.0;
				TARGETED_DEVICE_FAMILY = "1,2";
			};
			name = Debug;
		};
		7FB9623E2109AC34001E6E40 /* Release */ = {
			isa = XCBuildConfiguration;
			baseConfigurationReference = 7783880F873E77DDCAE7E7C7 /* Pods-Beacon.release.xcconfig */;
			buildSettings = {
				ASSETCATALOG_COMPILER_APPICON_NAME = AppIcon;
				CODE_SIGN_STYLE = Automatic;
				DEVELOPMENT_TEAM = 37JNZ5Q9NW;
				INFOPLIST_FILE = Beacon/Info.plist;
				LD_RUNPATH_SEARCH_PATHS = (
					"$(inherited)",
					"@executable_path/Frameworks",
				);
				PRODUCT_BUNDLE_IDENTIFIER = com.beaconApp.pewlo;
				PRODUCT_NAME = "$(TARGET_NAME)";
				SWIFT_OBJC_BRIDGING_HEADER = "${PROJECT_NAME}/ObjCBridge.h";
				SWIFT_VERSION = 4.0;
				TARGETED_DEVICE_FAMILY = "1,2";
			};
			name = Release;
		};
		7FB962402109AC34001E6E40 /* Debug */ = {
			isa = XCBuildConfiguration;
			baseConfigurationReference = C7D931F164CF5F538F6A5DCC /* Pods-BeaconTests.debug.xcconfig */;
			buildSettings = {
				ALWAYS_EMBED_SWIFT_STANDARD_LIBRARIES = YES;
				BUNDLE_LOADER = "$(TEST_HOST)";
				CODE_SIGN_STYLE = Automatic;
				INFOPLIST_FILE = BeaconTests/Info.plist;
				LD_RUNPATH_SEARCH_PATHS = (
					"$(inherited)",
					"@executable_path/Frameworks",
					"@loader_path/Frameworks",
				);
				PRODUCT_BUNDLE_IDENTIFIER = test.BeaconTests;
				PRODUCT_NAME = "$(TARGET_NAME)";
				SWIFT_VERSION = 4.0;
				TARGETED_DEVICE_FAMILY = "1,2";
				TEST_HOST = "$(BUILT_PRODUCTS_DIR)/Beacon.app/Beacon";
			};
			name = Debug;
		};
		7FB962412109AC34001E6E40 /* Release */ = {
			isa = XCBuildConfiguration;
			baseConfigurationReference = 85CB159476DB5E83B9FE4F77 /* Pods-BeaconTests.release.xcconfig */;
			buildSettings = {
				ALWAYS_EMBED_SWIFT_STANDARD_LIBRARIES = YES;
				BUNDLE_LOADER = "$(TEST_HOST)";
				CODE_SIGN_STYLE = Automatic;
				INFOPLIST_FILE = BeaconTests/Info.plist;
				LD_RUNPATH_SEARCH_PATHS = (
					"$(inherited)",
					"@executable_path/Frameworks",
					"@loader_path/Frameworks",
				);
				PRODUCT_BUNDLE_IDENTIFIER = test.BeaconTests;
				PRODUCT_NAME = "$(TARGET_NAME)";
				SWIFT_VERSION = 4.0;
				TARGETED_DEVICE_FAMILY = "1,2";
				TEST_HOST = "$(BUILT_PRODUCTS_DIR)/Beacon.app/Beacon";
			};
			name = Release;
		};
		7FB962432109AC34001E6E40 /* Debug */ = {
			isa = XCBuildConfiguration;
			baseConfigurationReference = D94786A95F23C4697245DA90 /* Pods-BeaconUITests.debug.xcconfig */;
			buildSettings = {
				ALWAYS_EMBED_SWIFT_STANDARD_LIBRARIES = YES;
				CODE_SIGN_STYLE = Automatic;
				INFOPLIST_FILE = BeaconUITests/Info.plist;
				LD_RUNPATH_SEARCH_PATHS = (
					"$(inherited)",
					"@executable_path/Frameworks",
					"@loader_path/Frameworks",
				);
				PRODUCT_BUNDLE_IDENTIFIER = test.BeaconUITests;
				PRODUCT_NAME = "$(TARGET_NAME)";
				SWIFT_VERSION = 4.0;
				TARGETED_DEVICE_FAMILY = "1,2";
				TEST_TARGET_NAME = Beacon;
			};
			name = Debug;
		};
		7FB962442109AC34001E6E40 /* Release */ = {
			isa = XCBuildConfiguration;
			baseConfigurationReference = 03A1370B08930A3B72FA1A5D /* Pods-BeaconUITests.release.xcconfig */;
			buildSettings = {
				ALWAYS_EMBED_SWIFT_STANDARD_LIBRARIES = YES;
				CODE_SIGN_STYLE = Automatic;
				INFOPLIST_FILE = BeaconUITests/Info.plist;
				LD_RUNPATH_SEARCH_PATHS = (
					"$(inherited)",
					"@executable_path/Frameworks",
					"@loader_path/Frameworks",
				);
				PRODUCT_BUNDLE_IDENTIFIER = test.BeaconUITests;
				PRODUCT_NAME = "$(TARGET_NAME)";
				SWIFT_VERSION = 4.0;
				TARGETED_DEVICE_FAMILY = "1,2";
				TEST_TARGET_NAME = Beacon;
			};
			name = Release;
		};
/* End XCBuildConfiguration section */

/* Begin XCConfigurationList section */
		7FB9620C2109AC32001E6E40 /* Build configuration list for PBXProject "Beacon" */ = {
			isa = XCConfigurationList;
			buildConfigurations = (
				7FB9623A2109AC34001E6E40 /* Debug */,
				7FB9623B2109AC34001E6E40 /* Release */,
			);
			defaultConfigurationIsVisible = 0;
			defaultConfigurationName = Release;
		};
		7FB9623C2109AC34001E6E40 /* Build configuration list for PBXNativeTarget "Beacon" */ = {
			isa = XCConfigurationList;
			buildConfigurations = (
				7FB9623D2109AC34001E6E40 /* Debug */,
				7FB9623E2109AC34001E6E40 /* Release */,
			);
			defaultConfigurationIsVisible = 0;
			defaultConfigurationName = Release;
		};
		7FB9623F2109AC34001E6E40 /* Build configuration list for PBXNativeTarget "BeaconTests" */ = {
			isa = XCConfigurationList;
			buildConfigurations = (
				7FB962402109AC34001E6E40 /* Debug */,
				7FB962412109AC34001E6E40 /* Release */,
			);
			defaultConfigurationIsVisible = 0;
			defaultConfigurationName = Release;
		};
		7FB962422109AC34001E6E40 /* Build configuration list for PBXNativeTarget "BeaconUITests" */ = {
			isa = XCConfigurationList;
			buildConfigurations = (
				7FB962432109AC34001E6E40 /* Debug */,
				7FB962442109AC34001E6E40 /* Release */,
			);
			defaultConfigurationIsVisible = 0;
			defaultConfigurationName = Release;
		};
/* End XCConfigurationList section */

/* Begin XCVersionGroup section */
		7FB9621B2109AC32001E6E40 /* Beacon.xcdatamodeld */ = {
			isa = XCVersionGroup;
			children = (
				7FB9621C2109AC32001E6E40 /* Beacon.xcdatamodel */,
			);
			currentVersion = 7FB9621C2109AC32001E6E40 /* Beacon.xcdatamodel */;
			path = Beacon.xcdatamodeld;
			sourceTree = "<group>";
			versionGroupType = wrapper.xcdatamodel;
		};
/* End XCVersionGroup section */
	};
	rootObject = 7FB962092109AC32001E6E40 /* Project object */;
}
